
Microsoft Visual Studio Solution File, Format Version 12.00
# Visual Studio 15
VisualStudioVersion = 15.0.28307.539
MinimumVisualStudioVersion = 10.0.40219.1
Project("{FAE04EC0-301F-11D3-BF4B-00C04F79EFBC}") = "DataBaseTrial", "DataBaseTrial\DataBaseTrial.csproj", "{C9AFF99C-30A4-4F4D-B83E-4C7288127BCD}"
EndProject
Project("{FAE04EC0-301F-11D3-BF4B-00C04F79EFBC}") = "DataBaseTrialForm", "DataBaseTrialForm\DataBaseTrialForm.csproj", "{C571C436-B35C-4C08-8CC7-0828E1FF36AA}"
EndProject
Project("{FAE04EC0-301F-11D3-BF4B-00C04F79EFBC}") = "ServerTrial", "ServerTrial\ServerTrial.csproj", "{C96A347B-590B-423D-B4E1-956093B16407}"
EndProject
Global
	GlobalSection(SolutionConfigurationPlatforms) = preSolution
		Debug|Any CPU = Debug|Any CPU
		Debug|ARM = Debug|ARM
		Debug|ARM64 = Debug|ARM64
		Debug|x64 = Debug|x64
		Debug|x86 = Debug|x86
		Release|Any CPU = Release|Any CPU
		Release|ARM = Release|ARM
		Release|ARM64 = Release|ARM64
		Release|x64 = Release|x64
		Release|x86 = Release|x86
	EndGlobalSection
	GlobalSection(ProjectConfigurationPlatforms) = postSolution
		{C9AFF99C-30A4-4F4D-B83E-4C7288127BCD}.Debug|Any CPU.ActiveCfg = Debug|Any CPU
		{C9AFF99C-30A4-4F4D-B83E-4C7288127BCD}.Debug|Any CPU.Build.0 = Debug|Any CPU
		{C9AFF99C-30A4-4F4D-B83E-4C7288127BCD}.Debug|ARM.ActiveCfg = Debug|Any CPU
		{C9AFF99C-30A4-4F4D-B83E-4C7288127BCD}.Debug|ARM.Build.0 = Debug|Any CPU
		{C9AFF99C-30A4-4F4D-B83E-4C7288127BCD}.Debug|ARM64.ActiveCfg = Debug|Any CPU
		{C9AFF99C-30A4-4F4D-B83E-4C7288127BCD}.Debug|ARM64.Build.0 = Debug|Any CPU
		{C9AFF99C-30A4-4F4D-B83E-4C7288127BCD}.Debug|x64.ActiveCfg = Debug|Any CPU
		{C9AFF99C-30A4-4F4D-B83E-4C7288127BCD}.Debug|x64.Build.0 = Debug|Any CPU
		{C9AFF99C-30A4-4F4D-B83E-4C7288127BCD}.Debug|x86.ActiveCfg = Debug|Any CPU
		{C9AFF99C-30A4-4F4D-B83E-4C7288127BCD}.Debug|x86.Build.0 = Debug|Any CPU
		{C9AFF99C-30A4-4F4D-B83E-4C7288127BCD}.Release|Any CPU.ActiveCfg = Release|Any CPU
		{C9AFF99C-30A4-4F4D-B83E-4C7288127BCD}.Release|Any CPU.Build.0 = Release|Any CPU
		{C9AFF99C-30A4-4F4D-B83E-4C7288127BCD}.Release|ARM.ActiveCfg = Release|Any CPU
		{C9AFF99C-30A4-4F4D-B83E-4C7288127BCD}.Release|ARM.Build.0 = Release|Any CPU
		{C9AFF99C-30A4-4F4D-B83E-4C7288127BCD}.Release|ARM64.ActiveCfg = Release|Any CPU
		{C9AFF99C-30A4-4F4D-B83E-4C7288127BCD}.Release|ARM64.Build.0 = Release|Any CPU
		{C9AFF99C-30A4-4F4D-B83E-4C7288127BCD}.Release|x64.ActiveCfg = Release|Any CPU
		{C9AFF99C-30A4-4F4D-B83E-4C7288127BCD}.Release|x64.Build.0 = Release|Any CPU
		{C9AFF99C-30A4-4F4D-B83E-4C7288127BCD}.Release|x86.ActiveCfg = Release|Any CPU
		{C9AFF99C-30A4-4F4D-B83E-4C7288127BCD}.Release|x86.Build.0 = Release|Any CPU
		{C571C436-B35C-4C08-8CC7-0828E1FF36AA}.Debug|Any CPU.ActiveCfg = Debug|Any CPU
		{C571C436-B35C-4C08-8CC7-0828E1FF36AA}.Debug|Any CPU.Build.0 = Debug|Any CPU
		{C571C436-B35C-4C08-8CC7-0828E1FF36AA}.Debug|ARM.ActiveCfg = Debug|Any CPU
		{C571C436-B35C-4C08-8CC7-0828E1FF36AA}.Debug|ARM.Build.0 = Debug|Any CPU
		{C571C436-B35C-4C08-8CC7-0828E1FF36AA}.Debug|ARM64.ActiveCfg = Debug|Any CPU
		{C571C436-B35C-4C08-8CC7-0828E1FF36AA}.Debug|ARM64.Build.0 = Debug|Any CPU
		{C571C436-B35C-4C08-8CC7-0828E1FF36AA}.Debug|x64.ActiveCfg = Debug|Any CPU
		{C571C436-B35C-4C08-8CC7-0828E1FF36AA}.Debug|x64.Build.0 = Debug|Any CPU
		{C571C436-B35C-4C08-8CC7-0828E1FF36AA}.Debug|x86.ActiveCfg = Debug|Any CPU
		{C571C436-B35C-4C08-8CC7-0828E1FF36AA}.Debug|x86.Build.0 = Debug|Any CPU
		{C571C436-B35C-4C08-8CC7-0828E1FF36AA}.Release|Any CPU.ActiveCfg = Release|Any CPU
		{C571C436-B35C-4C08-8CC7-0828E1FF36AA}.Release|Any CPU.Build.0 = Release|Any CPU
		{C571C436-B35C-4C08-8CC7-0828E1FF36AA}.Release|ARM.ActiveCfg = Release|Any CPU
		{C571C436-B35C-4C08-8CC7-0828E1FF36AA}.Release|ARM.Build.0 = Release|Any CPU
		{C571C436-B35C-4C08-8CC7-0828E1FF36AA}.Release|ARM64.ActiveCfg = Release|Any CPU
		{C571C436-B35C-4C08-8CC7-0828E1FF36AA}.Release|ARM64.Build.0 = Release|Any CPU
		{C571C436-B35C-4C08-8CC7-0828E1FF36AA}.Release|x64.ActiveCfg = Release|Any CPU
		{C571C436-B35C-4C08-8CC7-0828E1FF36AA}.Release|x64.Build.0 = Release|Any CPU
		{C571C436-B35C-4C08-8CC7-0828E1FF36AA}.Release|x86.ActiveCfg = Release|Any CPU
		{C571C436-B35C-4C08-8CC7-0828E1FF36AA}.Release|x86.Build.0 = Release|Any CPU
		{C96A347B-590B-423D-B4E1-956093B16407}.Debug|Any CPU.ActiveCfg = Debug|Any CPU
		{C96A347B-590B-423D-B4E1-956093B16407}.Debug|Any CPU.Build.0 = Debug|Any CPU
		{C96A347B-590B-423D-B4E1-956093B16407}.Debug|ARM.ActiveCfg = Debug|Any CPU
		{C96A347B-590B-423D-B4E1-956093B16407}.Debug|ARM.Build.0 = Debug|Any CPU
		{C96A347B-590B-423D-B4E1-956093B16407}.Debug|ARM64.ActiveCfg = Debug|Any CPU
		{C96A347B-590B-423D-B4E1-956093B16407}.Debug|ARM64.Build.0 = Debug|Any CPU
		{C96A347B-590B-423D-B4E1-956093B16407}.Debug|x64.ActiveCfg = Debug|Any CPU
		{C96A347B-590B-423D-B4E1-956093B16407}.Debug|x64.Build.0 = Debug|Any CPU
		{C96A347B-590B-423D-B4E1-956093B16407}.Debug|x86.ActiveCfg = Debug|Any CPU
		{C96A347B-590B-423D-B4E1-956093B16407}.Debug|x86.Build.0 = Debug|Any CPU
		{C96A347B-590B-423D-B4E1-956093B16407}.Release|Any CPU.ActiveCfg = Release|Any CPU
		{C96A347B-590B-423D-B4E1-956093B16407}.Release|Any CPU.Build.0 = Release|Any CPU
		{C96A347B-590B-423D-B4E1-956093B16407}.Release|ARM.ActiveCfg = Release|Any CPU
		{C96A347B-590B-423D-B4E1-956093B16407}.Release|ARM.Build.0 = Release|Any CPU
		{C96A347B-590B-423D-B4E1-956093B16407}.Release|ARM64.ActiveCfg = Release|Any CPU
		{C96A347B-590B-423D-B4E1-956093B16407}.Release|ARM64.Build.0 = Release|Any CPU
		{C96A347B-590B-423D-B4E1-956093B16407}.Release|x64.ActiveCfg = Release|Any CPU
		{C96A347B-590B-423D-B4E1-956093B16407}.Release|x64.Build.0 = Release|Any CPU
		{C96A347B-590B-423D-B4E1-956093B16407}.Release|x86.ActiveCfg = Release|Any CPU
		{C96A347B-590B-423D-B4E1-956093B16407}.Release|x86.Build.0 = Release|Any CPU
	EndGlobalSection
	GlobalSection(SolutionProperties) = preSolution
		HideSolutionNode = FALSE
	EndGlobalSection
	GlobalSection(ExtensibilityGlobals) = postSolution
		SolutionGuid = {5FF9BDD3-26BC-4FE2-8BD2-DE0738E8C64A}
	EndGlobalSection
EndGlobal
